<?xml version="1.0" encoding="utf-8"?>
<Project ToolsVersion="4.0" xmlns="http://schemas.microsoft.com/developer/msbuild/2003">
  <ItemGroup>
    <Filter Include="BAD">
      <UniqueIdentifier>{4CD4870B-B8DD-877C-4159-9E7CAD61937C}</UniqueIdentifier>
    </Filter>
    <Filter Include="BAD\Event">
      <UniqueIdentifier>{9D5E26DC-09C9-DA52-5207-8CF8BEB0B8A7}</UniqueIdentifier>
    </Filter>
    <Filter Include="PLatform">
      <UniqueIdentifier>{0A2F4115-F6FB-9B20-1F15-8AC80B41D1AE}</UniqueIdentifier>
    </Filter>
    <Filter Include="PLatform\Windows">
      <UniqueIdentifier>{4443EAB1-303C-0904-596E-EE8845C6E80F}</UniqueIdentifier>
    </Filter>
  </ItemGroup>
  <ItemGroup>
    <ClInclude Include="src\BAD.h" />
    <ClInclude Include="src\BAD\Application.h">
      <Filter>BAD</Filter>
    </ClInclude>
    <ClInclude Include="src\BAD\Core.h">
      <Filter>BAD</Filter>
    </ClInclude>
    <ClInclude Include="src\BAD\EntryPoint.h">
      <Filter>BAD</Filter>
    </ClInclude>
    <ClInclude Include="src\BAD\Event\ApplicationEvent.h">
      <Filter>BAD\Event</Filter>
    </ClInclude>
    <ClInclude Include="src\BAD\Event\Event.h">
      <Filter>BAD\Event</Filter>
    </ClInclude>
    <ClInclude Include="src\BAD\Event\KeyEvent.h">
      <Filter>BAD\Event</Filter>
    </ClInclude>
    <ClInclude Include="src\BAD\Event\MouseEvent.h">
      <Filter>BAD\Event</Filter>
    </ClInclude>
    <ClInclude Include="src\BAD\Layer.h">
      <Filter>BAD</Filter>
    </ClInclude>
    <ClInclude Include="src\BAD\LayerStack.h">
      <Filter>BAD</Filter>
    </ClInclude>
    <ClInclude Include="src\BAD\Log.h">
      <Filter>BAD</Filter>
    </ClInclude>
    <ClInclude Include="src\BAD\Window.h">
      <Filter>BAD</Filter>
    </ClInclude>
    <ClInclude Include="src\PLatform\Windows\WindowsWindow.h">
      <Filter>PLatform\Windows</Filter>
    </ClInclude>
    <ClInclude Include="src\badpch.h" />
  </ItemGroup>
  <ItemGroup>
    <ClCompile Include="src\BAD\Application.cpp">
      <Filter>BAD</Filter>
    </ClCompile>
    <ClCompile Include="src\BAD\Layer.cpp">
      <Filter>BAD</Filter>
    </ClCompile>
    <ClCompile Include="src\BAD\LayerStack.cpp">
      <Filter>BAD</Filter>
    </ClCompile>
    <ClCompile Include="src\BAD\Log.cpp">
      <Filter>BAD</Filter>
    </ClCompile>
    <ClCompile Include="src\PLatform\Windows\WinodwsWindow.cpp">
      <Filter>PLatform\Windows</Filter>
    </ClCompile>
    <ClCompile Include="src\badpch.cpp" />
  </ItemGroup>
</Project>