<?xml version="1.0" encoding="utf-8"?>
<Project ToolsVersion="4.0" xmlns="http://schemas.microsoft.com/developer/msbuild/2003">
  <ItemGroup>
    <Filter Include="BAD">
      <UniqueIdentifier>{4CD4870B-B8DD-877C-4159-9E7CAD61937C}</UniqueIdentifier>
    </Filter>
  </ItemGroup>
  <ItemGroup>
    <ClInclude Include="src\BAD.h" />
    <ClInclude Include="src\BAD\Application.h">
      <Filter>BAD</Filter>
    </ClInclude>
    <ClInclude Include="src\BAD\Core.h">
      <Filter>BAD</Filter>
    </ClInclude>
    <ClInclude Include="src\BAD\EntryPoint.h">
      <Filter>BAD</Filter>
    </ClInclude>
    <ClInclude Include="src\BAD\Log.h">
      <Filter>BAD</Filter>
    </ClInclude>
  </ItemGroup>
  <ItemGroup>
    <ClCompile Include="src\BAD\Application.cpp">
      <Filter>BAD</Filter>
    </ClCompile>
    <ClCompile Include="src\BAD\Log.cpp">
      <Filter>BAD</Filter>
    </ClCompile>
  </ItemGroup>
</Project>